
Microsoft Visual Studio Solution File, Format Version 12.00
# Visual Studio Version 16
VisualStudioVersion = 16.0.31321.278
MinimumVisualStudioVersion = 10.0.40219.1
Project("{2150E333-8FDC-42A3-9474-1A3956D46DE8}") = "Core", "Core", "{0645220A-F9BB-4E3D-8420-07977D8802BB}"
EndProject
Project("{2150E333-8FDC-42A3-9474-1A3956D46DE8}") = "Infrastructure", "Infrastructure", "{D887F394-FEAF-4974-83AA-9842EC7353F2}"
EndProject
Project("{FAE04EC0-301F-11D3-BF4B-00C04F79EFBC}") = "LessonsScheduler.Application", "LessonsScheduler.Application\LessonsScheduler.Application.csproj", "{26136046-685D-4949-A833-6421518F0B7B}"
EndProject
Project("{FAE04EC0-301F-11D3-BF4B-00C04F79EFBC}") = "LessonsScheduler.Domain", "LessonsScheduler.Domain\LessonsScheduler.Domain.csproj", "{6DB620BB-1F8D-4307-B2C2-FAD09D726FD1}"
EndProject
Project("{FAE04EC0-301F-11D3-BF4B-00C04F79EFBC}") = "LessonsScheduler.DataAccess", "LessonsScheduler.Infrastructure\LessonsScheduler.DataAccess.csproj", "{8A157C0A-E3C3-44F9-B4A8-2016AFD0411E}"
EndProject
Project("{FAE04EC0-301F-11D3-BF4B-00C04F79EFBC}") = "LessonsScheduler.API", "LessonsScheduler.API\LessonsScheduler.API.csproj", "{D6210C34-468D-4972-B6DA-1EF2787E4C7A}"
EndProject
Global
	GlobalSection(SolutionConfigurationPlatforms) = preSolution
		Debug|Any CPU = Debug|Any CPU
		Release|Any CPU = Release|Any CPU
	EndGlobalSection
	GlobalSection(ProjectConfigurationPlatforms) = postSolution
		{26136046-685D-4949-A833-6421518F0B7B}.Debug|Any CPU.ActiveCfg = Debug|Any CPU
		{26136046-685D-4949-A833-6421518F0B7B}.Debug|Any CPU.Build.0 = Debug|Any CPU
		{26136046-685D-4949-A833-6421518F0B7B}.Release|Any CPU.ActiveCfg = Release|Any CPU
		{26136046-685D-4949-A833-6421518F0B7B}.Release|Any CPU.Build.0 = Release|Any CPU
		{6DB620BB-1F8D-4307-B2C2-FAD09D726FD1}.Debug|Any CPU.ActiveCfg = Debug|Any CPU
		{6DB620BB-1F8D-4307-B2C2-FAD09D726FD1}.Debug|Any CPU.Build.0 = Debug|Any CPU
		{6DB620BB-1F8D-4307-B2C2-FAD09D726FD1}.Release|Any CPU.ActiveCfg = Release|Any CPU
		{6DB620BB-1F8D-4307-B2C2-FAD09D726FD1}.Release|Any CPU.Build.0 = Release|Any CPU
		{8A157C0A-E3C3-44F9-B4A8-2016AFD0411E}.Debug|Any CPU.ActiveCfg = Debug|Any CPU
		{8A157C0A-E3C3-44F9-B4A8-2016AFD0411E}.Debug|Any CPU.Build.0 = Debug|Any CPU
		{8A157C0A-E3C3-44F9-B4A8-2016AFD0411E}.Release|Any CPU.ActiveCfg = Release|Any CPU
		{8A157C0A-E3C3-44F9-B4A8-2016AFD0411E}.Release|Any CPU.Build.0 = Release|Any CPU
		{D6210C34-468D-4972-B6DA-1EF2787E4C7A}.Debug|Any CPU.ActiveCfg = Debug|Any CPU
		{D6210C34-468D-4972-B6DA-1EF2787E4C7A}.Debug|Any CPU.Build.0 = Debug|Any CPU
		{D6210C34-468D-4972-B6DA-1EF2787E4C7A}.Release|Any CPU.ActiveCfg = Release|Any CPU
		{D6210C34-468D-4972-B6DA-1EF2787E4C7A}.Release|Any CPU.Build.0 = Release|Any CPU
	EndGlobalSection
	GlobalSection(SolutionProperties) = preSolution
		HideSolutionNode = FALSE
	EndGlobalSection
	GlobalSection(NestedProjects) = preSolution
		{26136046-685D-4949-A833-6421518F0B7B} = {0645220A-F9BB-4E3D-8420-07977D8802BB}
		{6DB620BB-1F8D-4307-B2C2-FAD09D726FD1} = {0645220A-F9BB-4E3D-8420-07977D8802BB}
		{8A157C0A-E3C3-44F9-B4A8-2016AFD0411E} = {D887F394-FEAF-4974-83AA-9842EC7353F2}
	EndGlobalSection
	GlobalSection(ExtensibilityGlobals) = postSolution
		SolutionGuid = {0EFFD5C9-E390-44CF-B19D-36B8AA3B4D29}
	EndGlobalSection
EndGlobal
